lockfileVersion: '6.0'

settings:
  autoInstallPeers: true
  excludeLinksFromLockfile: false

dependencies:
  '@bytecodealliance/preview2-shim':
    specifier: ^0.0.21
    version: 0.0.21

devDependencies:
  '@bokuweb/image-diff-wasm':
    specifier: 0.1.0
    version: 0.1.0

packages:

  /@bokuweb/image-diff-wasm@0.1.0:
    resolution: {integrity: sha512-huRRxcWfHaLEyOG40ByU9XwVc5TXZjZc1wFBOkNBhUTxcamvxwxwY2OnQeXIBv9rdSzlxjoXsasu2f8leYu4Yg==}
    dependencies:
      '@bytecodealliance/preview2-shim': 0.0.21
    dev: true

  /@bytecodealliance/preview2-shim@0.0.21:
    resolution: {integrity: sha512-VSqfQ0aAd9CV0KwCtXV8CZnJUMIZLyf3pbDWRNIEbg3YRETYbCrcwCsWDdEXr4qwUAsqjpgY9daCHyicmGlDfQ==}
