lockfileVersion: '6.0'

settings:
  autoInstallPeers: true
  excludeLinksFromLockfile: false

dependencies:
  '@bytecodealliance/preview2-shim':
    specifier: ^0.17.0
    version: 0.17.0

devDependencies:
  '@bokuweb/image-diff-wasm':
    specifier: 0.1.0
    version: 'link:'

packages:

  /@bytecodealliance/preview2-shim@0.17.0:
    resolution: {integrity: sha512-JorcEwe4ud0x5BS/Ar2aQWOQoFzjq/7jcnxYXCvSMh0oRm0dQXzOA+hqLDBnOMks1LLBA7dmiLLsEBl09Yd6iQ==}
    dev: false
