lockfileVersion: '6.0'

settings:
  autoInstallPeers: true
  excludeLinksFromLockfile: false

dependencies:
  '@bytecodealliance/preview2-shim':
    specifier: ^0.16.0
    version: 0.16.0

devDependencies:
  '@bokuweb/image-diff-wasm':
    specifier: 0.1.0
    version: 'link:'

packages:

  /@bytecodealliance/preview2-shim@0.16.0:
    resolution: {integrity: sha512-8gajvNpwHu8127PZuv56wpZQutEFmQL7F/BnwVleME1oUA9yXky2uIEK3HWN0inU2PUW8GLl4h4uLSP6/b8/eA==}
    dev: false
